
Microsoft Visual Studio Solution File, Format Version 12.00
# Visual Studio Version 16
VisualStudioVersion = 16.0.30413.136
MinimumVisualStudioVersion = 10.0.40219.1
Project("{00D1A9C2-B5F0-4AF3-8072-F6C62B433612}") = "Analysis", "Analysis\Analysis.sqlproj", "{695221E4-596D-4E68-92EF-2625A7ADC1C3}"
EndProject
Global
	GlobalSection(SolutionConfigurationPlatforms) = preSolution
		Debug|Any CPU = Debug|Any CPU
		Release|Any CPU = Release|Any CPU
	EndGlobalSection
	GlobalSection(ProjectConfigurationPlatforms) = postSolution
		{695221E4-596D-4E68-92EF-2625A7ADC1C3}.Debug|Any CPU.ActiveCfg = Debug|Any CPU
		{695221E4-596D-4E68-92EF-2625A7ADC1C3}.Debug|Any CPU.Build.0 = Debug|Any CPU
		{695221E4-596D-4E68-92EF-2625A7ADC1C3}.Debug|Any CPU.Deploy.0 = Debug|Any CPU
		{695221E4-596D-4E68-92EF-2625A7ADC1C3}.Release|Any CPU.ActiveCfg = Release|Any CPU
		{695221E4-596D-4E68-92EF-2625A7ADC1C3}.Release|Any CPU.Build.0 = Release|Any CPU
		{695221E4-596D-4E68-92EF-2625A7ADC1C3}.Release|Any CPU.Deploy.0 = Release|Any CPU
	EndGlobalSection
	GlobalSection(SolutionProperties) = preSolution
		HideSolutionNode = FALSE
	EndGlobalSection
	GlobalSection(ExtensibilityGlobals) = postSolution
		SolutionGuid = {E7ADB169-2E8E-4A19-9C3B-9F091FB0ABC5}
	EndGlobalSection
EndGlobal
